
Microsoft Visual Studio Solution File, Format Version 12.00
# Visual Studio Version 17
VisualStudioVersion = 17.0.31423.177
MinimumVisualStudioVersion = 10.0.40219.1
Project("{2150E333-8FDC-42A3-9474-1A3956D46DE8}") = "Client", "Client", "{6175EC20-F14E-42C6-913B-01DF9DC0B6E3}"
EndProject
Project("{9A19103F-16F7-4668-BE54-9A1E7A4F7556}") = "Demo.Web", "Demo.Web\Demo.Web.csproj", "{86DCD75B-BD5C-4085-A720-C6809E263514}"
EndProject
Project("{2150E333-8FDC-42A3-9474-1A3956D46DE8}") = "Rpository", "Rpository", "{A7BC1388-1E6F-45A5-B977-94DD173E6F73}"
EndProject
Project("{2150E333-8FDC-42A3-9474-1A3956D46DE8}") = "Util", "Util", "{444B420C-98A2-492F-9D45-EFFCD4A5E823}"
EndProject
Project("{9A19103F-16F7-4668-BE54-9A1E7A4F7556}") = "Util.Log", "Util.Log\Util.Log.csproj", "{D0F502B8-0EA6-4ACA-8258-E9E2487ABC06}"
EndProject
Project("{9A19103F-16F7-4668-BE54-9A1E7A4F7556}") = "Repository.Factory", "Repository.Factory\Repository.Factory.csproj", "{C516DC09-5BEC-456A-8578-7C8C07571C51}"
EndProject
Project("{9A19103F-16F7-4668-BE54-9A1E7A4F7556}") = "Repository.EF", "Ripository.EF\Repository.EF.csproj", "{A7FB973C-C332-40CE-A18F-E2167DDD181E}"
EndProject
Project("{9A19103F-16F7-4668-BE54-9A1E7A4F7556}") = "Util.Extension", "Util.Extension\Util.Extension.csproj", "{5818E950-09DE-4DA2-AF7B-77F418BBDD57}"
EndProject
Project("{9A19103F-16F7-4668-BE54-9A1E7A4F7556}") = "Repository.Entity", "Repository.Entity\Repository.Entity.csproj", "{A0C8DB32-D049-4474-8DC5-E8A36178D2D1}"
EndProject
Project("{2150E333-8FDC-42A3-9474-1A3956D46DE8}") = "Business", "Business", "{BC939768-69EA-4885-BB29-276994D54B19}"
EndProject
Project("{9A19103F-16F7-4668-BE54-9A1E7A4F7556}") = "Business.IService", "Business.IService\Business.IService.csproj", "{F91EF1AE-68F0-4A59-99F7-AAD1B4B5DB51}"
EndProject
Project("{9A19103F-16F7-4668-BE54-9A1E7A4F7556}") = "Business.Service", "Business.Service\Business.Service.csproj", "{6ED13B57-6BE3-44A2-8BC4-3F8BBDF87684}"
EndProject
Project("{9A19103F-16F7-4668-BE54-9A1E7A4F7556}") = "Util.Encrypt", "Util.Encrypt\Util.Encrypt.csproj", "{07B0BB15-5F4D-4C69-AB43-B477151EE9FF}"
EndProject
Project("{9A19103F-16F7-4668-BE54-9A1E7A4F7556}") = "Util.Cache", "Util.Cache\Util.Cache.csproj", "{77A26139-D1A9-4B76-8F0B-E37CC83BCB0C}"
EndProject
Project("{FAE04EC0-301F-11D3-BF4B-00C04F79EFBC}") = "Repository.Map", "Repository.Map\Repository.Map.csproj", "{CCA9BEB0-C668-4714-B8C2-3AA2ED07B268}"
EndProject
Global
	GlobalSection(SolutionConfigurationPlatforms) = preSolution
		Debug|Any CPU = Debug|Any CPU
		Release|Any CPU = Release|Any CPU
	EndGlobalSection
	GlobalSection(ProjectConfigurationPlatforms) = postSolution
		{86DCD75B-BD5C-4085-A720-C6809E263514}.Debug|Any CPU.ActiveCfg = Debug|Any CPU
		{86DCD75B-BD5C-4085-A720-C6809E263514}.Debug|Any CPU.Build.0 = Debug|Any CPU
		{86DCD75B-BD5C-4085-A720-C6809E263514}.Release|Any CPU.ActiveCfg = Release|Any CPU
		{86DCD75B-BD5C-4085-A720-C6809E263514}.Release|Any CPU.Build.0 = Release|Any CPU
		{D0F502B8-0EA6-4ACA-8258-E9E2487ABC06}.Debug|Any CPU.ActiveCfg = Debug|Any CPU
		{D0F502B8-0EA6-4ACA-8258-E9E2487ABC06}.Debug|Any CPU.Build.0 = Debug|Any CPU
		{D0F502B8-0EA6-4ACA-8258-E9E2487ABC06}.Release|Any CPU.ActiveCfg = Release|Any CPU
		{D0F502B8-0EA6-4ACA-8258-E9E2487ABC06}.Release|Any CPU.Build.0 = Release|Any CPU
		{C516DC09-5BEC-456A-8578-7C8C07571C51}.Debug|Any CPU.ActiveCfg = Debug|Any CPU
		{C516DC09-5BEC-456A-8578-7C8C07571C51}.Debug|Any CPU.Build.0 = Debug|Any CPU
		{C516DC09-5BEC-456A-8578-7C8C07571C51}.Release|Any CPU.ActiveCfg = Release|Any CPU
		{C516DC09-5BEC-456A-8578-7C8C07571C51}.Release|Any CPU.Build.0 = Release|Any CPU
		{A7FB973C-C332-40CE-A18F-E2167DDD181E}.Debug|Any CPU.ActiveCfg = Debug|Any CPU
		{A7FB973C-C332-40CE-A18F-E2167DDD181E}.Debug|Any CPU.Build.0 = Debug|Any CPU
		{A7FB973C-C332-40CE-A18F-E2167DDD181E}.Release|Any CPU.ActiveCfg = Release|Any CPU
		{A7FB973C-C332-40CE-A18F-E2167DDD181E}.Release|Any CPU.Build.0 = Release|Any CPU
		{5818E950-09DE-4DA2-AF7B-77F418BBDD57}.Debug|Any CPU.ActiveCfg = Debug|Any CPU
		{5818E950-09DE-4DA2-AF7B-77F418BBDD57}.Debug|Any CPU.Build.0 = Debug|Any CPU
		{5818E950-09DE-4DA2-AF7B-77F418BBDD57}.Release|Any CPU.ActiveCfg = Release|Any CPU
		{5818E950-09DE-4DA2-AF7B-77F418BBDD57}.Release|Any CPU.Build.0 = Release|Any CPU
		{A0C8DB32-D049-4474-8DC5-E8A36178D2D1}.Debug|Any CPU.ActiveCfg = Debug|Any CPU
		{A0C8DB32-D049-4474-8DC5-E8A36178D2D1}.Debug|Any CPU.Build.0 = Debug|Any CPU
		{A0C8DB32-D049-4474-8DC5-E8A36178D2D1}.Release|Any CPU.ActiveCfg = Release|Any CPU
		{A0C8DB32-D049-4474-8DC5-E8A36178D2D1}.Release|Any CPU.Build.0 = Release|Any CPU
		{F91EF1AE-68F0-4A59-99F7-AAD1B4B5DB51}.Debug|Any CPU.ActiveCfg = Debug|Any CPU
		{F91EF1AE-68F0-4A59-99F7-AAD1B4B5DB51}.Debug|Any CPU.Build.0 = Debug|Any CPU
		{F91EF1AE-68F0-4A59-99F7-AAD1B4B5DB51}.Release|Any CPU.ActiveCfg = Release|Any CPU
		{F91EF1AE-68F0-4A59-99F7-AAD1B4B5DB51}.Release|Any CPU.Build.0 = Release|Any CPU
		{6ED13B57-6BE3-44A2-8BC4-3F8BBDF87684}.Debug|Any CPU.ActiveCfg = Debug|Any CPU
		{6ED13B57-6BE3-44A2-8BC4-3F8BBDF87684}.Debug|Any CPU.Build.0 = Debug|Any CPU
		{6ED13B57-6BE3-44A2-8BC4-3F8BBDF87684}.Release|Any CPU.ActiveCfg = Release|Any CPU
		{6ED13B57-6BE3-44A2-8BC4-3F8BBDF87684}.Release|Any CPU.Build.0 = Release|Any CPU
		{07B0BB15-5F4D-4C69-AB43-B477151EE9FF}.Debug|Any CPU.ActiveCfg = Debug|Any CPU
		{07B0BB15-5F4D-4C69-AB43-B477151EE9FF}.Debug|Any CPU.Build.0 = Debug|Any CPU
		{07B0BB15-5F4D-4C69-AB43-B477151EE9FF}.Release|Any CPU.ActiveCfg = Release|Any CPU
		{07B0BB15-5F4D-4C69-AB43-B477151EE9FF}.Release|Any CPU.Build.0 = Release|Any CPU
		{77A26139-D1A9-4B76-8F0B-E37CC83BCB0C}.Debug|Any CPU.ActiveCfg = Debug|Any CPU
		{77A26139-D1A9-4B76-8F0B-E37CC83BCB0C}.Debug|Any CPU.Build.0 = Debug|Any CPU
		{77A26139-D1A9-4B76-8F0B-E37CC83BCB0C}.Release|Any CPU.ActiveCfg = Release|Any CPU
		{77A26139-D1A9-4B76-8F0B-E37CC83BCB0C}.Release|Any CPU.Build.0 = Release|Any CPU
		{CCA9BEB0-C668-4714-B8C2-3AA2ED07B268}.Debug|Any CPU.ActiveCfg = Debug|Any CPU
		{CCA9BEB0-C668-4714-B8C2-3AA2ED07B268}.Debug|Any CPU.Build.0 = Debug|Any CPU
		{CCA9BEB0-C668-4714-B8C2-3AA2ED07B268}.Release|Any CPU.ActiveCfg = Release|Any CPU
		{CCA9BEB0-C668-4714-B8C2-3AA2ED07B268}.Release|Any CPU.Build.0 = Release|Any CPU
	EndGlobalSection
	GlobalSection(SolutionProperties) = preSolution
		HideSolutionNode = FALSE
	EndGlobalSection
	GlobalSection(NestedProjects) = preSolution
		{86DCD75B-BD5C-4085-A720-C6809E263514} = {6175EC20-F14E-42C6-913B-01DF9DC0B6E3}
		{D0F502B8-0EA6-4ACA-8258-E9E2487ABC06} = {444B420C-98A2-492F-9D45-EFFCD4A5E823}
		{C516DC09-5BEC-456A-8578-7C8C07571C51} = {A7BC1388-1E6F-45A5-B977-94DD173E6F73}
		{A7FB973C-C332-40CE-A18F-E2167DDD181E} = {A7BC1388-1E6F-45A5-B977-94DD173E6F73}
		{5818E950-09DE-4DA2-AF7B-77F418BBDD57} = {444B420C-98A2-492F-9D45-EFFCD4A5E823}
		{A0C8DB32-D049-4474-8DC5-E8A36178D2D1} = {A7BC1388-1E6F-45A5-B977-94DD173E6F73}
		{F91EF1AE-68F0-4A59-99F7-AAD1B4B5DB51} = {BC939768-69EA-4885-BB29-276994D54B19}
		{6ED13B57-6BE3-44A2-8BC4-3F8BBDF87684} = {BC939768-69EA-4885-BB29-276994D54B19}
		{07B0BB15-5F4D-4C69-AB43-B477151EE9FF} = {444B420C-98A2-492F-9D45-EFFCD4A5E823}
		{77A26139-D1A9-4B76-8F0B-E37CC83BCB0C} = {444B420C-98A2-492F-9D45-EFFCD4A5E823}
		{CCA9BEB0-C668-4714-B8C2-3AA2ED07B268} = {A7BC1388-1E6F-45A5-B977-94DD173E6F73}
	EndGlobalSection
	GlobalSection(ExtensibilityGlobals) = postSolution
		SolutionGuid = {36ADBBFF-C964-469A-A089-BCFAF1AA2AAE}
	EndGlobalSection
EndGlobal
